
Microsoft Visual Studio Solution File, Format Version 12.00
Project("{FAE04EC0-301F-11D3-BF4B-00C04F79EFBC}") = "Task04", "Task04\Task04.csproj", "{E42DBE33-B393-4F02-B98C-9F4653A22F8C}"
EndProject
Project("{2150E333-8FDC-42A3-9474-1A3956D46DE8}") = "Items", "Items", "{B34E3A2C-1260-40C5-A91C-6D767B69880A}"
ProjectSection(SolutionItems) = preProject
	.gitignore = .gitignore
EndProjectSection
EndProject
Project("{FAE04EC0-301F-11D3-BF4B-00C04F79EFBC}") = "Task05", "Task05\Task05.csproj", "{C69BD4C4-DD04-4D8A-BD39-6564B1D13360}"
EndProject
Project("{FAE04EC0-301F-11D3-BF4B-00C04F79EFBC}") = "Task06", "Task06\Task06.csproj", "{80E7136D-CD5A-43AB-B92B-B38ACCC4C40C}"
EndProject
Project("{FAE04EC0-301F-11D3-BF4B-00C04F79EFBC}") = "Task07", "Task07\Task07.csproj", "{87E344DD-2A63-4B64-8BC9-9B6E3519CC1C}"
EndProject
Project("{FAE04EC0-301F-11D3-BF4B-00C04F79EFBC}") = "Task08", "Task08\Task08.csproj", "{FBBC3D15-68C6-499A-B623-33DF8B5DC7C0}"
EndProject
Global
	GlobalSection(SolutionConfigurationPlatforms) = preSolution
		Debug|Any CPU = Debug|Any CPU
		Release|Any CPU = Release|Any CPU
	EndGlobalSection
	GlobalSection(ProjectConfigurationPlatforms) = postSolution
		{E42DBE33-B393-4F02-B98C-9F4653A22F8C}.Debug|Any CPU.ActiveCfg = Debug|Any CPU
		{E42DBE33-B393-4F02-B98C-9F4653A22F8C}.Debug|Any CPU.Build.0 = Debug|Any CPU
		{E42DBE33-B393-4F02-B98C-9F4653A22F8C}.Release|Any CPU.ActiveCfg = Release|Any CPU
		{E42DBE33-B393-4F02-B98C-9F4653A22F8C}.Release|Any CPU.Build.0 = Release|Any CPU
		{C69BD4C4-DD04-4D8A-BD39-6564B1D13360}.Debug|Any CPU.ActiveCfg = Debug|Any CPU
		{C69BD4C4-DD04-4D8A-BD39-6564B1D13360}.Debug|Any CPU.Build.0 = Debug|Any CPU
		{C69BD4C4-DD04-4D8A-BD39-6564B1D13360}.Release|Any CPU.ActiveCfg = Release|Any CPU
		{C69BD4C4-DD04-4D8A-BD39-6564B1D13360}.Release|Any CPU.Build.0 = Release|Any CPU
		{80E7136D-CD5A-43AB-B92B-B38ACCC4C40C}.Debug|Any CPU.ActiveCfg = Debug|Any CPU
		{80E7136D-CD5A-43AB-B92B-B38ACCC4C40C}.Debug|Any CPU.Build.0 = Debug|Any CPU
		{80E7136D-CD5A-43AB-B92B-B38ACCC4C40C}.Release|Any CPU.ActiveCfg = Release|Any CPU
		{80E7136D-CD5A-43AB-B92B-B38ACCC4C40C}.Release|Any CPU.Build.0 = Release|Any CPU
		{87E344DD-2A63-4B64-8BC9-9B6E3519CC1C}.Debug|Any CPU.ActiveCfg = Debug|Any CPU
		{87E344DD-2A63-4B64-8BC9-9B6E3519CC1C}.Debug|Any CPU.Build.0 = Debug|Any CPU
		{87E344DD-2A63-4B64-8BC9-9B6E3519CC1C}.Release|Any CPU.ActiveCfg = Release|Any CPU
		{87E344DD-2A63-4B64-8BC9-9B6E3519CC1C}.Release|Any CPU.Build.0 = Release|Any CPU
		{FBBC3D15-68C6-499A-B623-33DF8B5DC7C0}.Debug|Any CPU.ActiveCfg = Debug|Any CPU
		{FBBC3D15-68C6-499A-B623-33DF8B5DC7C0}.Debug|Any CPU.Build.0 = Debug|Any CPU
		{FBBC3D15-68C6-499A-B623-33DF8B5DC7C0}.Release|Any CPU.ActiveCfg = Release|Any CPU
		{FBBC3D15-68C6-499A-B623-33DF8B5DC7C0}.Release|Any CPU.Build.0 = Release|Any CPU
	EndGlobalSection
EndGlobal
